
Microsoft Visual Studio Solution File, Format Version 12.00
# Visual Studio Version 17
VisualStudioVersion = 17.2.32516.85
MinimumVisualStudioVersion = 10.0.40219.1
Project("{9A19103F-16F7-4668-BE54-9A1E7A4F7556}") = "ExeAccountSLN", "ExeAccountSLN\ExeAccountSLN.csproj", "{089D7863-C54D-4237-BB12-D1EB1FCA5804}"
EndProject
Project("{FAE04EC0-301F-11D3-BF4B-00C04F79EFBC}") = "ExAccountTest", "ExAccountTest\ExAccountTest.csproj", "{1847F7E7-1F6D-4477-94F8-A040A8F6AADB}"
EndProject
Project("{FAE04EC0-301F-11D3-BF4B-00C04F79EFBC}") = "ExAccountService", "ExAccountService\ExAccountService.csproj", "{2A2E1FB7-5374-4867-8484-13EEBA860E50}"
EndProject
Global
	GlobalSection(SolutionConfigurationPlatforms) = preSolution
		Debug|Any CPU = Debug|Any CPU
		Release|Any CPU = Release|Any CPU
	EndGlobalSection
	GlobalSection(ProjectConfigurationPlatforms) = postSolution
		{089D7863-C54D-4237-BB12-D1EB1FCA5804}.Debug|Any CPU.ActiveCfg = Debug|Any CPU
		{089D7863-C54D-4237-BB12-D1EB1FCA5804}.Debug|Any CPU.Build.0 = Debug|Any CPU
		{089D7863-C54D-4237-BB12-D1EB1FCA5804}.Release|Any CPU.ActiveCfg = Release|Any CPU
		{089D7863-C54D-4237-BB12-D1EB1FCA5804}.Release|Any CPU.Build.0 = Release|Any CPU
		{1847F7E7-1F6D-4477-94F8-A040A8F6AADB}.Debug|Any CPU.ActiveCfg = Debug|Any CPU
		{1847F7E7-1F6D-4477-94F8-A040A8F6AADB}.Debug|Any CPU.Build.0 = Debug|Any CPU
		{1847F7E7-1F6D-4477-94F8-A040A8F6AADB}.Release|Any CPU.ActiveCfg = Release|Any CPU
		{1847F7E7-1F6D-4477-94F8-A040A8F6AADB}.Release|Any CPU.Build.0 = Release|Any CPU
		{2A2E1FB7-5374-4867-8484-13EEBA860E50}.Debug|Any CPU.ActiveCfg = Debug|Any CPU
		{2A2E1FB7-5374-4867-8484-13EEBA860E50}.Debug|Any CPU.Build.0 = Debug|Any CPU
		{2A2E1FB7-5374-4867-8484-13EEBA860E50}.Release|Any CPU.ActiveCfg = Release|Any CPU
		{2A2E1FB7-5374-4867-8484-13EEBA860E50}.Release|Any CPU.Build.0 = Release|Any CPU
	EndGlobalSection
	GlobalSection(SolutionProperties) = preSolution
		HideSolutionNode = FALSE
	EndGlobalSection
	GlobalSection(ExtensibilityGlobals) = postSolution
		SolutionGuid = {1769FABF-84D5-4262-807C-BE5D7FA21E8C}
	EndGlobalSection
EndGlobal
